
Microsoft Visual Studio Solution File, Format Version 12.00
# Visual Studio Version 16
VisualStudioVersion = 16.0.30114.105
MinimumVisualStudioVersion = 10.0.40219.1
Project("{FAE04EC0-301F-11D3-BF4B-00C04F79EFBC}") = "Gk_Api", "Gk_Api\Gk_Api.csproj", "{77A81296-0212-4142-8180-5D8F98547080}"
EndProject
Global
	GlobalSection(SolutionConfigurationPlatforms) = preSolution
		Debug|Any CPU = Debug|Any CPU
		Release|Any CPU = Release|Any CPU
	EndGlobalSection
	GlobalSection(ProjectConfigurationPlatforms) = postSolution
		{77A81296-0212-4142-8180-5D8F98547080}.Debug|Any CPU.ActiveCfg = Debug|Any CPU
		{77A81296-0212-4142-8180-5D8F98547080}.Debug|Any CPU.Build.0 = Debug|Any CPU
		{77A81296-0212-4142-8180-5D8F98547080}.Release|Any CPU.ActiveCfg = Release|Any CPU
		{77A81296-0212-4142-8180-5D8F98547080}.Release|Any CPU.Build.0 = Release|Any CPU
	EndGlobalSection
	GlobalSection(SolutionProperties) = preSolution
		HideSolutionNode = FALSE
	EndGlobalSection
	GlobalSection(ExtensibilityGlobals) = postSolution
		SolutionGuid = {0B28D2DF-271D-4891-AE48-DC8D146078CB}
	EndGlobalSection
EndGlobal
